github.com/andybalholm/brotli v1.1.1 h1:PR2pgnyFznKEugtsUo0xLdDop5SKXd5Qf5ysW+7XdTA=
github.com/gospider007/kinds v0.0.0-20231024093643-7a4424f2d30e h1:lmX6IQKkrNDbXfHsvrv1Uz0MoG2v5+4VC6Gdh9irUNY=
github.com/gospider007/kinds v0.0.0-20231024093643-7a4424f2d30e/go.mod h1:nB4OMmd8Ji92yEmgjbHcqLcBHTAhSSmlGNb2JpTYK9A=
github.com/gospider007/re v0.0.0-20231024115818-adfd03636256 h1:Z6kHRANoWB+/4rDzq51vBts0rIXilDrF8pdRNmbMJi4=
github.com/gospider007/re v0.0.0-20231024115818-adfd03636256/go.mod h1:X58uk0/F3mVskuQOZng0ZKJiAt3ETn0wxuLN//rVZrE=
github.com/gospider007/tools v0.0.0-20231202084937-8b2bc66f8198 h1:phk1GNobIIQWL5/G5dtgs35hotucdYv2FScMjlHHZ+Q=
github.com/gospider007/tools v0.0.0-20231202084937-8b2bc66f8198/go.mod h1:wiILK6EotceHz/Rnb6ux8PzY3sr5OV+mYuIcbtxpkYI=
github.com/xyproto/randomstring v1.0.5 h1:YtlWPoRdgMu3NZtP45drfy1GKoojuR7hmRcnhZqKjWU=
golang.org/x/image v0.23.0 h1:HseQ7c2OpPKTPVzNjG5fwJsOTCiiwS4QdsYi5XU6H68=
golang.org/x/net v0.34.0 h1:Mb7Mrk043xzHgnRM88suvJFwzVrRfHEHJEl5/71CKw0=
golang.org/x/text v0.21.0 h1:zyQAAkrwaneQ066sspRyJaG9VNi/YJ1NfzcGB3hZ/qo=
